
Microsoft Visual Studio Solution File, Format Version 10.00
# Visual Studio 2008
Project("{8BC9CEB8-8B4A-11D0-8D11-00A0C91BC942}") = "Calendar", "Calendar\Calendar.vcproj", "{CBCE53F1-B7D1-45BC-B63C-D62F56AA7BF7}"
	ProjectSection(ProjectDependencies) = postProject
		{126FA217-4F34-4EFC-AE17-DCF73B838B7C} = {126FA217-4F34-4EFC-AE17-DCF73B838B7C}
		{3C71D765-F1CA-4B95-9B29-BC1C403D877E} = {3C71D765-F1CA-4B95-9B29-BC1C403D877E}
		{47DF1B98-7E82-44F3-9CF6-C79C29B32085} = {47DF1B98-7E82-44F3-9CF6-C79C29B32085}
		{7841B2D7-18F6-4F36-AEA2-492ABD4351CF} = {7841B2D7-18F6-4F36-AEA2-492ABD4351CF}
	EndProjectSection
EndProject
Project("{8BC9CEB8-8B4A-11D0-8D11-00A0C91BC942}") = "FestivalEditor", "FestivalEditor\FestivalEditor.vcproj", "{722D8169-620D-4FFF-B936-71C593449A7D}"
	ProjectSection(ProjectDependencies) = postProject
		{126FA217-4F34-4EFC-AE17-DCF73B838B7C} = {126FA217-4F34-4EFC-AE17-DCF73B838B7C}
		{3C71D765-F1CA-4B95-9B29-BC1C403D877E} = {3C71D765-F1CA-4B95-9B29-BC1C403D877E}
	EndProjectSection
EndProject
Project("{8BC9CEB8-8B4A-11D0-8D11-00A0C91BC942}") = "festio", "dll\Festio\festio.vcproj", "{126FA217-4F34-4EFC-AE17-DCF73B838B7C}"
	ProjectSection(ProjectDependencies) = postProject
		{3C71D765-F1CA-4B95-9B29-BC1C403D877E} = {3C71D765-F1CA-4B95-9B29-BC1C403D877E}
	EndProjectSection
EndProject
Project("{8BC9CEB8-8B4A-11D0-8D11-00A0C91BC942}") = "lcess", "dll\lcess\lcess.vcproj", "{3C71D765-F1CA-4B95-9B29-BC1C403D877E}"
EndProject
Project("{8BC9CEB8-8B4A-11D0-8D11-00A0C91BC942}") = "histoday", "dll\Histoday\histoday.vcproj", "{47DF1B98-7E82-44F3-9CF6-C79C29B32085}"
	ProjectSection(ProjectDependencies) = postProject
		{3C71D765-F1CA-4B95-9B29-BC1C403D877E} = {3C71D765-F1CA-4B95-9B29-BC1C403D877E}
	EndProjectSection
EndProject
Project("{8BC9CEB8-8B4A-11D0-8D11-00A0C91BC942}") = "lcal", "dll\lunar\lcal.vcproj", "{7841B2D7-18F6-4F36-AEA2-492ABD4351CF}"
	ProjectSection(ProjectDependencies) = postProject
		{3C71D765-F1CA-4B95-9B29-BC1C403D877E} = {3C71D765-F1CA-4B95-9B29-BC1C403D877E}
	EndProjectSection
EndProject
Project("{8BC9CEB8-8B4A-11D0-8D11-00A0C91BC942}") = "WidgetLunarCalendar", "dll\Widget\Widget.vcproj", "{D7850B04-2F19-4EB0-899C-878A69E2FAEE}"
	ProjectSection(ProjectDependencies) = postProject
		{ABB6EA26-1EA9-4F44-AD26-46017B267E5C} = {ABB6EA26-1EA9-4F44-AD26-46017B267E5C}
		{878CFF2B-9982-4537-8F07-5688746534EF} = {878CFF2B-9982-4537-8F07-5688746534EF}
		{ED9D498A-ACD2-4969-BBDB-AC02EEF52654} = {ED9D498A-ACD2-4969-BBDB-AC02EEF52654}
	EndProjectSection
EndProject
Project("{8BC9CEB8-8B4A-11D0-8D11-00A0C91BC942}") = "festio-static", "dll\Festio\festio-static.vcproj", "{ABB6EA26-1EA9-4F44-AD26-46017B267E5C}"
EndProject
Project("{8BC9CEB8-8B4A-11D0-8D11-00A0C91BC942}") = "lcal-static", "dll\lunar\lcal-static.vcproj", "{ED9D498A-ACD2-4969-BBDB-AC02EEF52654}"
EndProject
Project("{8BC9CEB8-8B4A-11D0-8D11-00A0C91BC942}") = "lcess-static", "dll\lcess\lcess-static.vcproj", "{878CFF2B-9982-4537-8F07-5688746534EF}"
EndProject
Project("{8BC9CEB8-8B4A-11D0-8D11-00A0C91BC942}") = "widget_test", "widget_test\widget_test.vcproj", "{36F7584E-A745-4F2C-9DCE-ED176AFE4483}"
EndProject
Global
	GlobalSection(SolutionConfigurationPlatforms) = preSolution
		Debug|M8SDK (ARMV4I) = Debug|M8SDK (ARMV4I)
		Release|M8SDK (ARMV4I) = Release|M8SDK (ARMV4I)
	EndGlobalSection
	GlobalSection(ProjectConfigurationPlatforms) = postSolution
		{CBCE53F1-B7D1-45BC-B63C-D62F56AA7BF7}.Debug|M8SDK (ARMV4I).ActiveCfg = Debug|M8SDK (ARMV4I)
		{CBCE53F1-B7D1-45BC-B63C-D62F56AA7BF7}.Debug|M8SDK (ARMV4I).Build.0 = Debug|M8SDK (ARMV4I)
		{CBCE53F1-B7D1-45BC-B63C-D62F56AA7BF7}.Debug|M8SDK (ARMV4I).Deploy.0 = Debug|M8SDK (ARMV4I)
		{CBCE53F1-B7D1-45BC-B63C-D62F56AA7BF7}.Release|M8SDK (ARMV4I).ActiveCfg = Release|M8SDK (ARMV4I)
		{CBCE53F1-B7D1-45BC-B63C-D62F56AA7BF7}.Release|M8SDK (ARMV4I).Build.0 = Release|M8SDK (ARMV4I)
		{CBCE53F1-B7D1-45BC-B63C-D62F56AA7BF7}.Release|M8SDK (ARMV4I).Deploy.0 = Release|M8SDK (ARMV4I)
		{722D8169-620D-4FFF-B936-71C593449A7D}.Debug|M8SDK (ARMV4I).ActiveCfg = Debug|M8SDK (ARMV4I)
		{722D8169-620D-4FFF-B936-71C593449A7D}.Debug|M8SDK (ARMV4I).Build.0 = Debug|M8SDK (ARMV4I)
		{722D8169-620D-4FFF-B936-71C593449A7D}.Debug|M8SDK (ARMV4I).Deploy.0 = Debug|M8SDK (ARMV4I)
		{722D8169-620D-4FFF-B936-71C593449A7D}.Release|M8SDK (ARMV4I).ActiveCfg = Release|M8SDK (ARMV4I)
		{722D8169-620D-4FFF-B936-71C593449A7D}.Release|M8SDK (ARMV4I).Build.0 = Release|M8SDK (ARMV4I)
		{722D8169-620D-4FFF-B936-71C593449A7D}.Release|M8SDK (ARMV4I).Deploy.0 = Release|M8SDK (ARMV4I)
		{126FA217-4F34-4EFC-AE17-DCF73B838B7C}.Debug|M8SDK (ARMV4I).ActiveCfg = Debug|M8SDK (ARMV4I)
		{126FA217-4F34-4EFC-AE17-DCF73B838B7C}.Debug|M8SDK (ARMV4I).Build.0 = Debug|M8SDK (ARMV4I)
		{126FA217-4F34-4EFC-AE17-DCF73B838B7C}.Debug|M8SDK (ARMV4I).Deploy.0 = Debug|M8SDK (ARMV4I)
		{126FA217-4F34-4EFC-AE17-DCF73B838B7C}.Release|M8SDK (ARMV4I).ActiveCfg = Release|M8SDK (ARMV4I)
		{126FA217-4F34-4EFC-AE17-DCF73B838B7C}.Release|M8SDK (ARMV4I).Build.0 = Release|M8SDK (ARMV4I)
		{126FA217-4F34-4EFC-AE17-DCF73B838B7C}.Release|M8SDK (ARMV4I).Deploy.0 = Release|M8SDK (ARMV4I)
		{3C71D765-F1CA-4B95-9B29-BC1C403D877E}.Debug|M8SDK (ARMV4I).ActiveCfg = Debug|M8SDK (ARMV4I)
		{3C71D765-F1CA-4B95-9B29-BC1C403D877E}.Debug|M8SDK (ARMV4I).Build.0 = Debug|M8SDK (ARMV4I)
		{3C71D765-F1CA-4B95-9B29-BC1C403D877E}.Debug|M8SDK (ARMV4I).Deploy.0 = Debug|M8SDK (ARMV4I)
		{3C71D765-F1CA-4B95-9B29-BC1C403D877E}.Release|M8SDK (ARMV4I).ActiveCfg = Release|M8SDK (ARMV4I)
		{3C71D765-F1CA-4B95-9B29-BC1C403D877E}.Release|M8SDK (ARMV4I).Build.0 = Release|M8SDK (ARMV4I)
		{3C71D765-F1CA-4B95-9B29-BC1C403D877E}.Release|M8SDK (ARMV4I).Deploy.0 = Release|M8SDK (ARMV4I)
		{47DF1B98-7E82-44F3-9CF6-C79C29B32085}.Debug|M8SDK (ARMV4I).ActiveCfg = Debug|M8SDK (ARMV4I)
		{47DF1B98-7E82-44F3-9CF6-C79C29B32085}.Debug|M8SDK (ARMV4I).Build.0 = Debug|M8SDK (ARMV4I)
		{47DF1B98-7E82-44F3-9CF6-C79C29B32085}.Debug|M8SDK (ARMV4I).Deploy.0 = Debug|M8SDK (ARMV4I)
		{47DF1B98-7E82-44F3-9CF6-C79C29B32085}.Release|M8SDK (ARMV4I).ActiveCfg = Release|M8SDK (ARMV4I)
		{47DF1B98-7E82-44F3-9CF6-C79C29B32085}.Release|M8SDK (ARMV4I).Build.0 = Release|M8SDK (ARMV4I)
		{47DF1B98-7E82-44F3-9CF6-C79C29B32085}.Release|M8SDK (ARMV4I).Deploy.0 = Release|M8SDK (ARMV4I)
		{7841B2D7-18F6-4F36-AEA2-492ABD4351CF}.Debug|M8SDK (ARMV4I).ActiveCfg = Debug|M8SDK (ARMV4I)
		{7841B2D7-18F6-4F36-AEA2-492ABD4351CF}.Debug|M8SDK (ARMV4I).Build.0 = Debug|M8SDK (ARMV4I)
		{7841B2D7-18F6-4F36-AEA2-492ABD4351CF}.Debug|M8SDK (ARMV4I).Deploy.0 = Debug|M8SDK (ARMV4I)
		{7841B2D7-18F6-4F36-AEA2-492ABD4351CF}.Release|M8SDK (ARMV4I).ActiveCfg = Release|M8SDK (ARMV4I)
		{7841B2D7-18F6-4F36-AEA2-492ABD4351CF}.Release|M8SDK (ARMV4I).Build.0 = Release|M8SDK (ARMV4I)
		{7841B2D7-18F6-4F36-AEA2-492ABD4351CF}.Release|M8SDK (ARMV4I).Deploy.0 = Release|M8SDK (ARMV4I)
		{D7850B04-2F19-4EB0-899C-878A69E2FAEE}.Debug|M8SDK (ARMV4I).ActiveCfg = Debug|M8SDK (ARMV4I)
		{D7850B04-2F19-4EB0-899C-878A69E2FAEE}.Debug|M8SDK (ARMV4I).Build.0 = Debug|M8SDK (ARMV4I)
		{D7850B04-2F19-4EB0-899C-878A69E2FAEE}.Debug|M8SDK (ARMV4I).Deploy.0 = Debug|M8SDK (ARMV4I)
		{D7850B04-2F19-4EB0-899C-878A69E2FAEE}.Release|M8SDK (ARMV4I).ActiveCfg = Release|M8SDK (ARMV4I)
		{D7850B04-2F19-4EB0-899C-878A69E2FAEE}.Release|M8SDK (ARMV4I).Build.0 = Release|M8SDK (ARMV4I)
		{D7850B04-2F19-4EB0-899C-878A69E2FAEE}.Release|M8SDK (ARMV4I).Deploy.0 = Release|M8SDK (ARMV4I)
		{ABB6EA26-1EA9-4F44-AD26-46017B267E5C}.Debug|M8SDK (ARMV4I).ActiveCfg = Debug|M8SDK (ARMV4I)
		{ABB6EA26-1EA9-4F44-AD26-46017B267E5C}.Debug|M8SDK (ARMV4I).Build.0 = Debug|M8SDK (ARMV4I)
		{ABB6EA26-1EA9-4F44-AD26-46017B267E5C}.Debug|M8SDK (ARMV4I).Deploy.0 = Debug|M8SDK (ARMV4I)
		{ABB6EA26-1EA9-4F44-AD26-46017B267E5C}.Release|M8SDK (ARMV4I).ActiveCfg = Release|M8SDK (ARMV4I)
		{ABB6EA26-1EA9-4F44-AD26-46017B267E5C}.Release|M8SDK (ARMV4I).Build.0 = Release|M8SDK (ARMV4I)
		{ED9D498A-ACD2-4969-BBDB-AC02EEF52654}.Debug|M8SDK (ARMV4I).ActiveCfg = Debug|M8SDK (ARMV4I)
		{ED9D498A-ACD2-4969-BBDB-AC02EEF52654}.Debug|M8SDK (ARMV4I).Build.0 = Debug|M8SDK (ARMV4I)
		{ED9D498A-ACD2-4969-BBDB-AC02EEF52654}.Debug|M8SDK (ARMV4I).Deploy.0 = Debug|M8SDK (ARMV4I)
		{ED9D498A-ACD2-4969-BBDB-AC02EEF52654}.Release|M8SDK (ARMV4I).ActiveCfg = Release|M8SDK (ARMV4I)
		{ED9D498A-ACD2-4969-BBDB-AC02EEF52654}.Release|M8SDK (ARMV4I).Build.0 = Release|M8SDK (ARMV4I)
		{878CFF2B-9982-4537-8F07-5688746534EF}.Debug|M8SDK (ARMV4I).ActiveCfg = Debug|M8SDK (ARMV4I)
		{878CFF2B-9982-4537-8F07-5688746534EF}.Debug|M8SDK (ARMV4I).Build.0 = Debug|M8SDK (ARMV4I)
		{878CFF2B-9982-4537-8F07-5688746534EF}.Debug|M8SDK (ARMV4I).Deploy.0 = Debug|M8SDK (ARMV4I)
		{878CFF2B-9982-4537-8F07-5688746534EF}.Release|M8SDK (ARMV4I).ActiveCfg = Release|M8SDK (ARMV4I)
		{878CFF2B-9982-4537-8F07-5688746534EF}.Release|M8SDK (ARMV4I).Build.0 = Release|M8SDK (ARMV4I)
		{36F7584E-A745-4F2C-9DCE-ED176AFE4483}.Debug|M8SDK (ARMV4I).ActiveCfg = Debug|M8SDK (ARMV4I)
		{36F7584E-A745-4F2C-9DCE-ED176AFE4483}.Debug|M8SDK (ARMV4I).Build.0 = Debug|M8SDK (ARMV4I)
		{36F7584E-A745-4F2C-9DCE-ED176AFE4483}.Debug|M8SDK (ARMV4I).Deploy.0 = Debug|M8SDK (ARMV4I)
		{36F7584E-A745-4F2C-9DCE-ED176AFE4483}.Release|M8SDK (ARMV4I).ActiveCfg = Release|M8SDK (ARMV4I)
		{36F7584E-A745-4F2C-9DCE-ED176AFE4483}.Release|M8SDK (ARMV4I).Build.0 = Release|M8SDK (ARMV4I)
		{36F7584E-A745-4F2C-9DCE-ED176AFE4483}.Release|M8SDK (ARMV4I).Deploy.0 = Release|M8SDK (ARMV4I)
	EndGlobalSection
	GlobalSection(SolutionProperties) = preSolution
		HideSolutionNode = FALSE
	EndGlobalSection
EndGlobal
